# This file is autogenerated, do not edit; changes may be undone by the next 'dep ensure'.


[[projects]]
  branch = "master"
  name = "github.com/line/line-bot-sdk-go"
  packages = [
    "linebot",
    "linebot/httphandler"
  ]
  revision = "d5719649979e73fbf3551b3f277fd6d8f85c887b"

[[projects]]
  branch = "master"
  name = "golang.org/x/net"
  packages = [
    "context",
    "context/ctxhttp"
  ]
  revision = "2e7f24ace30034db6c258ddb329e5236a68c27fa"

[solve-meta]
  analyzer-name = "dep"
  analyzer-version = 1
  inputs-digest = "17c48b7fd1876bc37d64814404ec7ab5bc0c606bf604f85e4b12c25c6e8ae262"
  solver-name = "gps-cdcl"
  solver-version = 1
